// !$*UTF8*$!
{
	archiveVersion = 1;
	classes = {
	};
	objectVersion = 46;
	objects = {

/* Begin PBXBuildFile section */
		7553319B1EBE43B300B35345 /* NSImage+CardView.h in Headers */ = {isa = PBXBuildFile; fileRef = 755331991EBE43B300B35345 /* NSImage+CardView.h */; };
		7553319C1EBE43B300B35345 /* NSImage+CardView.m in Sources */ = {isa = PBXBuildFile; fileRef = 7553319A1EBE43B300B35345 /* NSImage+CardView.m */; };
		7571BFBA1CD579CF00021159 /* CardTextFormatters.h in Headers */ = {isa = PBXBuildFile; fileRef = 7571BFB81CD579CF00021159 /* CardTextFormatters.h */; settings = {ATTRIBUTES = (Public, ); }; };
		7571BFBB1CD579CF00021159 /* CardTextFormatters.m in Sources */ = {isa = PBXBuildFile; fileRef = 7571BFB91CD579CF00021159 /* CardTextFormatters.m */; };
		75AC2C530A8F78D1003AAE72 /* CardActionCell.h in Headers */ = {isa = PBXBuildFile; fileRef = 75AC2C470A8F78D1003AAE72 /* CardActionCell.h */; settings = {ATTRIBUTES = (Public, ); }; };
		75AC2C540A8F78D1003AAE72 /* CardActionCell.m in Sources */ = {isa = PBXBuildFile; fileRef = 75AC2C480A8F78D1003AAE72 /* CardActionCell.m */; };
		75AC2C550A8F78D1003AAE72 /* CardImageCell.h in Headers */ = {isa = PBXBuildFile; fileRef = 75AC2C490A8F78D1003AAE72 /* CardImageCell.h */; settings = {ATTRIBUTES = (Public, ); }; };
		75AC2C560A8F78D1003AAE72 /* CardImageCell.m in Sources */ = {isa = PBXBuildFile; fileRef = 75AC2C4A0A8F78D1003AAE72 /* CardImageCell.m */; };
		75AC2C590A8F78D1003AAE72 /* CardSeparatorCell.h in Headers */ = {isa = PBXBuildFile; fileRef = 75AC2C4D0A8F78D1003AAE72 /* CardSeparatorCell.h */; settings = {ATTRIBUTES = (Public, ); }; };
		75AC2C5A0A8F78D1003AAE72 /* CardSeparatorCell.m in Sources */ = {isa = PBXBuildFile; fileRef = 75AC2C4E0A8F78D1003AAE72 /* CardSeparatorCell.m */; };
		75AC2C5D0A8F78D1003AAE72 /* CardTextView.h in Headers */ = {isa = PBXBuildFile; fileRef = 75AC2C510A8F78D1003AAE72 /* CardTextView.h */; settings = {ATTRIBUTES = (Public, ); }; };
		75AC2C5E0A8F78D1003AAE72 /* CardTextView.m in Sources */ = {isa = PBXBuildFile; fileRef = 75AC2C520A8F78D1003AAE72 /* CardTextView.m */; };
		75AC2C610A8F78D9003AAE72 /* CardView.h in Headers */ = {isa = PBXBuildFile; fileRef = 75AC2C600A8F78D9003AAE72 /* CardView.h */; settings = {ATTRIBUTES = (Public, ); }; };
		75DE4325196E6A1B0022311F /* CardViewCell.h in Headers */ = {isa = PBXBuildFile; fileRef = 75DE4323196E6A1B0022311F /* CardViewCell.h */; settings = {ATTRIBUTES = (Public, ); }; };
		75DE4326196E6A1B0022311F /* CardViewCell.m in Sources */ = {isa = PBXBuildFile; fileRef = 75DE4324196E6A1B0022311F /* CardViewCell.m */; };
		75FA0B851981A52A000AFFE3 /* NSPasteboard+CardView.h in Headers */ = {isa = PBXBuildFile; fileRef = 75FA0B831981A52A000AFFE3 /* NSPasteboard+CardView.h */; settings = {ATTRIBUTES = (Public, ); }; };
		75FA0B861981A52A000AFFE3 /* NSPasteboard+CardView.m in Sources */ = {isa = PBXBuildFile; fileRef = 75FA0B841981A52A000AFFE3 /* NSPasteboard+CardView.m */; };
		75FD72E01967CAB9004C54DD /* NSAttributedString+CardView.h in Headers */ = {isa = PBXBuildFile; fileRef = 75FD72DE1967CAB9004C54DD /* NSAttributedString+CardView.h */; settings = {ATTRIBUTES = (Public, ); }; };
		75FD72E11967CAB9004C54DD /* NSAttributedString+CardView.m in Sources */ = {isa = PBXBuildFile; fileRef = 75FD72DF1967CAB9004C54DD /* NSAttributedString+CardView.m */; };
		8DC2EF570486A6940098B216 /* Cocoa.framework in Frameworks */ = {isa = PBXBuildFile; fileRef = 1058C7B1FEA5585E11CA2CBB /* Cocoa.framework */; };
/* End PBXBuildFile section */

/* Begin PBXFileReference section */
		0867D69BFE84028FC02AAC07 /* Foundation.framework */ = {isa = PBXFileReference; lastKnownFileType = wrapper.framework; name = Foundation.framework; path = /System/Library/Frameworks/Foundation.framework; sourceTree = "<absolute>"; };
		0867D6A5FE840307C02AAC07 /* AppKit.framework */ = {isa = PBXFileReference; lastKnownFileType = wrapper.framework; name = AppKit.framework; path = /System/Library/Frameworks/AppKit.framework; sourceTree = "<absolute>"; };
		1058C7B1FEA5585E11CA2CBB /* Cocoa.framework */ = {isa = PBXFileReference; lastKnownFileType = wrapper.framework; name = Cocoa.framework; path = /System/Library/Frameworks/Cocoa.framework; sourceTree = "<absolute>"; };
		755331991EBE43B300B35345 /* NSImage+CardView.h */ = {isa = PBXFileReference; fileEncoding = 4; lastKnownFileType = sourcecode.c.h; path = "NSImage+CardView.h"; sourceTree = "<group>"; };
		7553319A1EBE43B300B35345 /* NSImage+CardView.m */ = {isa = PBXFileReference; fileEncoding = 4; lastKnownFileType = sourcecode.c.objc; path = "NSImage+CardView.m"; sourceTree = "<group>"; };
		7571BF711CCDB68100021159 /* README.md */ = {isa = PBXFileReference; fileEncoding = 4; lastKnownFileType = net.daringfireball.markdown; path = README.md; sourceTree = "<group>"; };
		7571BFB81CD579CF00021159 /* CardTextFormatters.h */ = {isa = PBXFileReference; fileEncoding = 4; lastKnownFileType = sourcecode.c.h; path = CardTextFormatters.h; sourceTree = "<group>"; };
		7571BFB91CD579CF00021159 /* CardTextFormatters.m */ = {isa = PBXFileReference; fileEncoding = 4; lastKnownFileType = sourcecode.c.objc; path = CardTextFormatters.m; sourceTree = "<group>"; };
		75AC2C470A8F78D1003AAE72 /* CardActionCell.h */ = {isa = PBXFileReference; fileEncoding = 4; lastKnownFileType = sourcecode.c.h; path = CardActionCell.h; sourceTree = "<group>"; };
		75AC2C480A8F78D1003AAE72 /* CardActionCell.m */ = {isa = PBXFileReference; fileEncoding = 4; lastKnownFileType = sourcecode.c.objc; path = CardActionCell.m; sourceTree = "<group>"; };
		75AC2C490A8F78D1003AAE72 /* CardImageCell.h */ = {isa = PBXFileReference; fileEncoding = 4; lastKnownFileType = sourcecode.c.h; path = CardImageCell.h; sourceTree = "<group>"; };
		75AC2C4A0A8F78D1003AAE72 /* CardImageCell.m */ = {isa = PBXFileReference; fileEncoding = 4; lastKnownFileType = sourcecode.c.objc; path = CardImageCell.m; sourceTree = "<group>"; };
		75AC2C4D0A8F78D1003AAE72 /* CardSeparatorCell.h */ = {isa = PBXFileReference; fileEncoding = 4; lastKnownFileType = sourcecode.c.h; path = CardSeparatorCell.h; sourceTree = "<group>"; };
		75AC2C4E0A8F78D1003AAE72 /* CardSeparatorCell.m */ = {isa = PBXFileReference; fileEncoding = 4; lastKnownFileType = sourcecode.c.objc; path = CardSeparatorCell.m; sourceTree = "<group>"; };
		75AC2C510A8F78D1003AAE72 /* CardTextView.h */ = {isa = PBXFileReference; fileEncoding = 4; lastKnownFileType = sourcecode.c.h; path = CardTextView.h; sourceTree = "<group>"; };
		75AC2C520A8F78D1003AAE72 /* CardTextView.m */ = {isa = PBXFileReference; fileEncoding = 4; lastKnownFileType = sourcecode.c.objc; path = CardTextView.m; sourceTree = "<group>"; };
		75AC2C600A8F78D9003AAE72 /* CardView.h */ = {isa = PBXFileReference; fileEncoding = 4; lastKnownFileType = sourcecode.c.h; path = CardView.h; sourceTree = "<group>"; };
		75DE4323196E6A1B0022311F /* CardViewCell.h */ = {isa = PBXFileReference; fileEncoding = 4; lastKnownFileType = sourcecode.c.h; path = CardViewCell.h; sourceTree = "<group>"; };
		75DE4324196E6A1B0022311F /* CardViewCell.m */ = {isa = PBXFileReference; fileEncoding = 4; lastKnownFileType = sourcecode.c.objc; path = CardViewCell.m; sourceTree = "<group>"; };
		75FA0B831981A52A000AFFE3 /* NSPasteboard+CardView.h */ = {isa = PBXFileReference; fileEncoding = 4; lastKnownFileType = sourcecode.c.h; path = "NSPasteboard+CardView.h"; sourceTree = "<group>"; };
		75FA0B841981A52A000AFFE3 /* NSPasteboard+CardView.m */ = {isa = PBXFileReference; fileEncoding = 4; lastKnownFileType = sourcecode.c.objc; path = "NSPasteboard+CardView.m"; sourceTree = "<group>"; };
		75FA0B8D1981B1B1000AFFE3 /* Security.framework */ = {isa = PBXFileReference; lastKnownFileType = wrapper.framework; name = Security.framework; path = System/Library/Frameworks/Security.framework; sourceTree = SDKROOT; };
		75FD72DC1966A44A004C54DD /* WebKit.framework */ = {isa = PBXFileReference; lastKnownFileType = wrapper.framework; name = WebKit.framework; path = System/Library/Frameworks/WebKit.framework; sourceTree = SDKROOT; };
		75FD72DE1967CAB9004C54DD /* NSAttributedString+CardView.h */ = {isa = PBXFileReference; fileEncoding = 4; lastKnownFileType = sourcecode.c.h; path = "NSAttributedString+CardView.h"; sourceTree = "<group>"; };
		75FD72DF1967CAB9004C54DD /* NSAttributedString+CardView.m */ = {isa = PBXFileReference; fileEncoding = 4; lastKnownFileType = sourcecode.c.objc; path = "NSAttributedString+CardView.m"; sourceTree = "<group>"; };
		8DC2EF5A0486A6940098B216 /* CardView.plist */ = {isa = PBXFileReference; fileEncoding = 4; lastKnownFileType = text.plist.xml; path = CardView.plist; sourceTree = "<group>"; };
		8DC2EF5B0486A6940098B216 /* CardView.framework */ = {isa = PBXFileReference; explicitFileType = wrapper.framework; includeInIndex = 0; path = CardView.framework; sourceTree = BUILT_PRODUCTS_DIR; };
		D2F7E79907B2D74100F64583 /* CoreData.framework */ = {isa = PBXFileReference; lastKnownFileType = wrapper.framework; name = CoreData.framework; path = /System/Library/Frameworks/CoreData.framework; sourceTree = "<absolute>"; };
/* End PBXFileReference section */

/* Begin PBXFrameworksBuildPhase section */
		8DC2EF560486A6940098B216 /* Frameworks */ = {
			isa = PBXFrameworksBuildPhase;
			buildActionMask = 2147483647;
			files = (
				8DC2EF570486A6940098B216 /* Cocoa.framework in Frameworks */,
			);
			runOnlyForDeploymentPostprocessing = 0;
		};
/* End PBXFrameworksBuildPhase section */

/* Begin PBXGroup section */
		034768DFFF38A50411DB9C8B /* Products */ = {
			isa = PBXGroup;
			children = (
				8DC2EF5B0486A6940098B216 /* CardView.framework */,
			);
			name = Products;
			sourceTree = "<group>";
		};
		0867D691FE84028FC02AAC07 /* CardView */ = {
			isa = PBXGroup;
			children = (
				7571BF711CCDB68100021159 /* README.md */,
				8DC2EF5A0486A6940098B216 /* CardView.plist */,
				7585A8331D307B8C00F5C869 /* Sources */,
				7553319E1EBE94DD00B35345 /* Categories */,
				0867D69AFE84028FC02AAC07 /* Frameworks */,
				034768DFFF38A50411DB9C8B /* Products */,
			);
			name = CardView;
			sourceTree = "<group>";
		};
		0867D69AFE84028FC02AAC07 /* Frameworks */ = {
			isa = PBXGroup;
			children = (
				75FA0B8D1981B1B1000AFFE3 /* Security.framework */,
				75FD72DC1966A44A004C54DD /* WebKit.framework */,
				1058C7B0FEA5585E11CA2CBB /* Linked Frameworks */,
				1058C7B2FEA5585E11CA2CBB /* Other Frameworks */,
			);
			name = Frameworks;
			sourceTree = "<group>";
		};
		1058C7B0FEA5585E11CA2CBB /* Linked Frameworks */ = {
			isa = PBXGroup;
			children = (
				1058C7B1FEA5585E11CA2CBB /* Cocoa.framework */,
			);
			name = "Linked Frameworks";
			sourceTree = "<group>";
		};
		1058C7B2FEA5585E11CA2CBB /* Other Frameworks */ = {
			isa = PBXGroup;
			children = (
				0867D6A5FE840307C02AAC07 /* AppKit.framework */,
				D2F7E79907B2D74100F64583 /* CoreData.framework */,
				0867D69BFE84028FC02AAC07 /* Foundation.framework */,
			);
			name = "Other Frameworks";
			sourceTree = "<group>";
		};
		7553319E1EBE94DD00B35345 /* Categories */ = {
			isa = PBXGroup;
			children = (
				75FD72DE1967CAB9004C54DD /* NSAttributedString+CardView.h */,
				75FD72DF1967CAB9004C54DD /* NSAttributedString+CardView.m */,
				755331991EBE43B300B35345 /* NSImage+CardView.h */,
				7553319A1EBE43B300B35345 /* NSImage+CardView.m */,
				75FA0B831981A52A000AFFE3 /* NSPasteboard+CardView.h */,
				75FA0B841981A52A000AFFE3 /* NSPasteboard+CardView.m */,
			);
			name = Categories;
			sourceTree = "<group>";
		};
		7585A8331D307B8C00F5C869 /* Sources */ = {
			isa = PBXGroup;
			children = (
				75AC2C600A8F78D9003AAE72 /* CardView.h */,
				75AC2C470A8F78D1003AAE72 /* CardActionCell.h */,
				75AC2C480A8F78D1003AAE72 /* CardActionCell.m */,
				75AC2C490A8F78D1003AAE72 /* CardImageCell.h */,
				75AC2C4A0A8F78D1003AAE72 /* CardImageCell.m */,
				75AC2C4D0A8F78D1003AAE72 /* CardSeparatorCell.h */,
				75AC2C4E0A8F78D1003AAE72 /* CardSeparatorCell.m */,
				7571BFB81CD579CF00021159 /* CardTextFormatters.h */,
				7571BFB91CD579CF00021159 /* CardTextFormatters.m */,
				75AC2C510A8F78D1003AAE72 /* CardTextView.h */,
				75AC2C520A8F78D1003AAE72 /* CardTextView.m */,
				75DE4323196E6A1B0022311F /* CardViewCell.h */,
				75DE4324196E6A1B0022311F /* CardViewCell.m */,
			);
			name = Sources;
			sourceTree = "<group>";
		};
/* End PBXGroup section */

/* Begin PBXHeadersBuildPhase section */
		8DC2EF500486A6940098B216 /* Headers */ = {
			isa = PBXHeadersBuildPhase;
			buildActionMask = 2147483647;
			files = (
				75AC2C610A8F78D9003AAE72 /* CardView.h in Headers */,
				7571BFBA1CD579CF00021159 /* CardTextFormatters.h in Headers */,
				75AC2C5D0A8F78D1003AAE72 /* CardTextView.h in Headers */,
				75AC2C530A8F78D1003AAE72 /* CardActionCell.h in Headers */,
				75AC2C550A8F78D1003AAE72 /* CardImageCell.h in Headers */,
				75AC2C590A8F78D1003AAE72 /* CardSeparatorCell.h in Headers */,
				7553319B1EBE43B300B35345 /* NSImage+CardView.h in Headers */,
				75DE4325196E6A1B0022311F /* CardViewCell.h in Headers */,
				75FA0B851981A52A000AFFE3 /* NSPasteboard+CardView.h in Headers */,
				75FD72E01967CAB9004C54DD /* NSAttributedString+CardView.h in Headers */,
			);
			runOnlyForDeploymentPostprocessing = 0;
		};
/* End PBXHeadersBuildPhase section */

/* Begin PBXNativeTarget section */
		8DC2EF4F0486A6940098B216 /* CardView */ = {
			isa = PBXNativeTarget;
			buildConfigurationList = 1DEB91AD08733DA50010E9CD /* Build configuration list for PBXNativeTarget "CardView" */;
			buildPhases = (
				8DC2EF500486A6940098B216 /* Headers */,
				8DC2EF520486A6940098B216 /* Resources */,
				8DC2EF540486A6940098B216 /* Sources */,
				8DC2EF560486A6940098B216 /* Frameworks */,
			);
			buildRules = (
			);
			dependencies = (
			);
			name = CardView;
			productInstallPath = "$(HOME)/Library/Frameworks";
			productName = CardView;
			productReference = 8DC2EF5B0486A6940098B216 /* CardView.framework */;
			productType = "com.apple.product-type.framework";
		};
/* End PBXNativeTarget section */

/* Begin PBXProject section */
		0867D690FE84028FC02AAC07 /* Project object */ = {
			isa = PBXProject;
			attributes = {
				LastUpgradeCheck = 0800;
				TargetAttributes = {
					8DC2EF4F0486A6940098B216 = {
						DevelopmentTeam = E8G8ARB44Z;
					};
				};
			};
			buildConfigurationList = 1DEB91B108733DA50010E9CD /* Build configuration list for PBXProject "CardView" */;
			compatibilityVersion = "Xcode 3.2";
			developmentRegion = English;
			hasScannedForEncodings = 1;
			knownRegions = (
				en,
			);
			mainGroup = 0867D691FE84028FC02AAC07 /* CardView */;
			productRefGroup = 034768DFFF38A50411DB9C8B /* Products */;
			projectDirPath = "";
			projectRoot = "";
			targets = (
				8DC2EF4F0486A6940098B216 /* CardView */,
			);
		};
/* End PBXProject section */

/* Begin PBXResourcesBuildPhase section */
		8DC2EF520486A6940098B216 /* Resources */ = {
			isa = PBXResourcesBuildPhase;
			buildActionMask = 2147483647;
			files = (
			);
			runOnlyForDeploymentPostprocessing = 0;
		};
/* End PBXResourcesBuildPhase section */

/* Begin PBXSourcesBuildPhase section */
		8DC2EF540486A6940098B216 /* Sources */ = {
			isa = PBXSourcesBuildPhase;
			buildActionMask = 2147483647;
			files = (
				75FA0B861981A52A000AFFE3 /* NSPasteboard+CardView.m in Sources */,
				75AC2C540A8F78D1003AAE72 /* CardActionCell.m in Sources */,
				75AC2C560A8F78D1003AAE72 /* CardImageCell.m in Sources */,
				7571BFBB1CD579CF00021159 /* CardTextFormatters.m in Sources */,
				75FD72E11967CAB9004C54DD /* NSAttributedString+CardView.m in Sources */,
				7553319C1EBE43B300B35345 /* NSImage+CardView.m in Sources */,
				75DE4326196E6A1B0022311F /* CardViewCell.m in Sources */,
				75AC2C5A0A8F78D1003AAE72 /* CardSeparatorCell.m in Sources */,
				75AC2C5E0A8F78D1003AAE72 /* CardTextView.m in Sources */,
			);
			runOnlyForDeploymentPostprocessing = 0;
		};
/* End PBXSourcesBuildPhase section */

/* Begin XCBuildConfiguration section */
		1DEB91AE08733DA50010E9CD /* Debug */ = {
			isa = XCBuildConfiguration;
			buildSettings = {
				CLANG_ENABLE_OBJC_ARC = YES;
				COMBINE_HIDPI_IMAGES = YES;
				COPY_PHASE_STRIP = NO;
				DYLIB_COMPATIBILITY_VERSION = 1;
				DYLIB_CURRENT_VERSION = 1;
				FRAMEWORK_VERSION = A;
				GCC_DYNAMIC_NO_PIC = NO;
				GCC_MODEL_TUNING = G5;
				GCC_OPTIMIZATION_LEVEL = 0;
				GCC_PRECOMPILE_PREFIX_HEADER = YES;
				INFOPLIST_FILE = CardView.plist;
				INSTALL_PATH = "@executable_path/../Frameworks";
				MACOSX_DEPLOYMENT_TARGET = 10.10;
				PRODUCT_BUNDLE_IDENTIFIER = net.istumbler.labs.cardview;
				PRODUCT_NAME = CardView;
				SDKROOT = macosx;
				SKIP_INSTALL = YES;
				WRAPPER_EXTENSION = framework;
				ZERO_LINK = YES;
			};
			name = Debug;
		};
		1DEB91AF08733DA50010E9CD /* Release */ = {
			isa = XCBuildConfiguration;
			buildSettings = {
				CLANG_ENABLE_OBJC_ARC = YES;
				CODE_SIGN_IDENTITY = "";
				COMBINE_HIDPI_IMAGES = YES;
				DYLIB_COMPATIBILITY_VERSION = 1;
				DYLIB_CURRENT_VERSION = 1;
				FRAMEWORK_VERSION = A;
				GCC_GENERATE_DEBUGGING_SYMBOLS = NO;
				GCC_MODEL_TUNING = G5;
				GCC_PRECOMPILE_PREFIX_HEADER = YES;
				INFOPLIST_FILE = CardView.plist;
				INSTALL_PATH = "@executable_path/../Frameworks";
				MACOSX_DEPLOYMENT_TARGET = 10.10;
				PRODUCT_BUNDLE_IDENTIFIER = net.istumbler.labs.cardview;
				PRODUCT_NAME = CardView;
				SDKROOT = macosx;
				SKIP_INSTALL = YES;
				WRAPPER_EXTENSION = framework;
			};
			name = Release;
		};
		1DEB91B208733DA50010E9CD /* Debug */ = {
			isa = XCBuildConfiguration;
			buildSettings = {
				ALWAYS_SEARCH_USER_PATHS = NO;
				CLANG_ENABLE_MODULES = YES;
				CLANG_ENABLE_OBJC_ARC = YES;
				CLANG_WARN_BOOL_CONVERSION = YES;
				CLANG_WARN_CONSTANT_CONVERSION = YES;
				CLANG_WARN_EMPTY_BODY = YES;
				CLANG_WARN_ENUM_CONVERSION = YES;
				CLANG_WARN_INFINITE_RECURSION = YES;
				CLANG_WARN_INT_CONVERSION = YES;
				CLANG_WARN_SUSPICIOUS_MOVE = YES;
				CLANG_WARN_UNREACHABLE_CODE = YES;
				CLANG_WARN__DUPLICATE_METHOD_MATCH = YES;
				ENABLE_STRICT_OBJC_MSGSEND = YES;
				ENABLE_TESTABILITY = YES;
				GCC_NO_COMMON_BLOCKS = YES;
				GCC_WARN_64_TO_32_BIT_CONVERSION = YES;
				GCC_WARN_ABOUT_RETURN_TYPE = YES;
				GCC_WARN_UNDECLARED_SELECTOR = YES;
				GCC_WARN_UNINITIALIZED_AUTOS = YES;
				GCC_WARN_UNUSED_FUNCTION = YES;
				GCC_WARN_UNUSED_VARIABLE = YES;
				ONLY_ACTIVE_ARCH = YES;
			};
			name = Debug;
		};
		1DEB91B308733DA50010E9CD /* Release */ = {
			isa = XCBuildConfiguration;
			buildSettings = {
				ALWAYS_SEARCH_USER_PATHS = NO;
				CLANG_ENABLE_MODULES = YES;
				CLANG_ENABLE_OBJC_ARC = YES;
				CLANG_WARN_BOOL_CONVERSION = YES;
				CLANG_WARN_CONSTANT_CONVERSION = YES;
				CLANG_WARN_EMPTY_BODY = YES;
				CLANG_WARN_ENUM_CONVERSION = YES;
				CLANG_WARN_INFINITE_RECURSION = YES;
				CLANG_WARN_INT_CONVERSION = YES;
				CLANG_WARN_SUSPICIOUS_MOVE = YES;
				CLANG_WARN_UNREACHABLE_CODE = YES;
				CLANG_WARN__DUPLICATE_METHOD_MATCH = YES;
				ENABLE_STRICT_OBJC_MSGSEND = YES;
				GCC_NO_COMMON_BLOCKS = YES;
				GCC_WARN_64_TO_32_BIT_CONVERSION = YES;
				GCC_WARN_ABOUT_RETURN_TYPE = YES;
				GCC_WARN_UNDECLARED_SELECTOR = YES;
				GCC_WARN_UNINITIALIZED_AUTOS = YES;
				GCC_WARN_UNUSED_FUNCTION = YES;
				GCC_WARN_UNUSED_VARIABLE = YES;
			};
			name = Release;
		};
/* End XCBuildConfiguration section */

/* Begin XCConfigurationList section */
		1DEB91AD08733DA50010E9CD /* Build configuration list for PBXNativeTarget "CardView" */ = {
			isa = XCConfigurationList;
			buildConfigurations = (
				1DEB91AE08733DA50010E9CD /* Debug */,
				1DEB91AF08733DA50010E9CD /* Release */,
			);
			defaultConfigurationIsVisible = 0;
			defaultConfigurationName = Release;
		};
		1DEB91B108733DA50010E9CD /* Build configuration list for PBXProject "CardView" */ = {
			isa = XCConfigurationList;
			buildConfigurations = (
				1DEB91B208733DA50010E9CD /* Debug */,
				1DEB91B308733DA50010E9CD /* Release */,
			);
			defaultConfigurationIsVisible = 0;
			defaultConfigurationName = Release;
		};
/* End XCConfigurationList section */
	};
	rootObject = 0867D690FE84028FC02AAC07 /* Project object */;
}
